
Microsoft Visual Studio Solution File, Format Version 12.00
# Visual Studio Version 17
VisualStudioVersion = 17.13.35806.99 d17.13
MinimumVisualStudioVersion = 10.0.40219.1
Project("{FAE04EC0-301F-11D3-BF4B-00C04F79EFBC}") = "CSharpAssessment2", "CSharpAssessment2.csproj", "{478DDE50-5B27-40D7-9589-D8AC54778D24}"
EndProject
Global
	GlobalSection(SolutionConfigurationPlatforms) = preSolution
		Debug|Any CPU = Debug|Any CPU
		Release|Any CPU = Release|Any CPU
	EndGlobalSection
	GlobalSection(ProjectConfigurationPlatforms) = postSolution
		{478DDE50-5B27-40D7-9589-D8AC54778D24}.Debug|Any CPU.ActiveCfg = Debug|Any CPU
		{478DDE50-5B27-40D7-9589-D8AC54778D24}.Debug|Any CPU.Build.0 = Debug|Any CPU
		{478DDE50-5B27-40D7-9589-D8AC54778D24}.Release|Any CPU.ActiveCfg = Release|Any CPU
		{478DDE50-5B27-40D7-9589-D8AC54778D24}.Release|Any CPU.Build.0 = Release|Any CPU
	EndGlobalSection
	GlobalSection(SolutionProperties) = preSolution
		HideSolutionNode = FALSE
	EndGlobalSection
	GlobalSection(ExtensibilityGlobals) = postSolution
		SolutionGuid = {E99C4EAF-32A3-4669-BBA7-9A5D41D07076}
	EndGlobalSection
EndGlobal
